<?xml version="1.0" encoding="utf-8"?>
<Project ToolsVersion="4.0" xmlns="http://schemas.microsoft.com/developer/msbuild/2003">
  <ItemGroup>
    <Filter Include="OloEngine">
      <UniqueIdentifier>{A553BE99-11BE-7210-5AFC-23B6C6A55065}</UniqueIdentifier>
    </Filter>
    <Filter Include="OloEngine\Events">
      <UniqueIdentifier>{E9D3E6E1-D5CC-0534-FEFE-EAB8EA56E53F}</UniqueIdentifier>
    </Filter>
    <Filter Include="OloEngine\ImGui">
      <UniqueIdentifier>{8F3042A2-FBBB-AF66-04CD-325B70D70B67}</UniqueIdentifier>
    </Filter>
    <Filter Include="Platform">
      <UniqueIdentifier>{2AC788B4-1694-E3BF-3FAD-D1672BD9184E}</UniqueIdentifier>
    </Filter>
    <Filter Include="Platform\OpenGL">
      <UniqueIdentifier>{1E7D2C1D-8A08-9AE1-9319-1DD6FF23F6E1}</UniqueIdentifier>
    </Filter>
    <Filter Include="Platform\Windows">
      <UniqueIdentifier>{64FBD71A-50F4-F66C-7926-DCF1657ED678}</UniqueIdentifier>
    </Filter>
  </ItemGroup>
  <ItemGroup>
    <ClInclude Include="src\OloEngine.h" />
    <ClInclude Include="src\OloEngine\Application.h">
      <Filter>OloEngine</Filter>
    </ClInclude>
    <ClInclude Include="src\OloEngine\Core.h">
      <Filter>OloEngine</Filter>
    </ClInclude>
    <ClInclude Include="src\OloEngine\EntryPoint.h">
      <Filter>OloEngine</Filter>
    </ClInclude>
    <ClInclude Include="src\OloEngine\Events\ApplicationEvent.h">
      <Filter>OloEngine\Events</Filter>
    </ClInclude>
    <ClInclude Include="src\OloEngine\Events\Event.h">
      <Filter>OloEngine\Events</Filter>
    </ClInclude>
    <ClInclude Include="src\OloEngine\Events\KeyEvent.h">
      <Filter>OloEngine\Events</Filter>
    </ClInclude>
    <ClInclude Include="src\OloEngine\Events\MouseEvent.h">
      <Filter>OloEngine\Events</Filter>
    </ClInclude>
    <ClInclude Include="src\OloEngine\ImGui\ImGuiLayer.h">
      <Filter>OloEngine\ImGui</Filter>
    </ClInclude>
    <ClInclude Include="src\OloEngine\Layer.h">
      <Filter>OloEngine</Filter>
    </ClInclude>
    <ClInclude Include="src\OloEngine\LayerStack.h">
      <Filter>OloEngine</Filter>
    </ClInclude>
    <ClInclude Include="src\OloEngine\Log.h">
      <Filter>OloEngine</Filter>
    </ClInclude>
    <ClInclude Include="src\OloEngine\Window.h">
      <Filter>OloEngine</Filter>
    </ClInclude>
    <ClInclude Include="src\OloEnginePCH.h" />
    <ClInclude Include="src\Platform\OpenGL\ImGuiOpenGLRenderer.h">
      <Filter>Platform\OpenGL</Filter>
    </ClInclude>
    <ClInclude Include="src\Platform\Windows\WindowsWindow.h">
      <Filter>Platform\Windows</Filter>
    </ClInclude>
  </ItemGroup>
  <ItemGroup>
    <ClCompile Include="src\OloEngine\Application.cpp">
      <Filter>OloEngine</Filter>
    </ClCompile>
    <ClCompile Include="src\OloEngine\ImGui\ImGuiLayer.cpp">
      <Filter>OloEngine\ImGui</Filter>
    </ClCompile>
    <ClCompile Include="src\OloEngine\Layer.cpp">
      <Filter>OloEngine</Filter>
    </ClCompile>
    <ClCompile Include="src\OloEngine\LayerStack.cpp">
      <Filter>OloEngine</Filter>
    </ClCompile>
    <ClCompile Include="src\OloEngine\Log.cpp">
      <Filter>OloEngine</Filter>
    </ClCompile>
    <ClCompile Include="src\OloEnginePCH.cpp" />
    <ClCompile Include="src\Platform\OpenGL\ImGuiOpenGLRenderer.cpp">
      <Filter>Platform\OpenGL</Filter>
    </ClCompile>
    <ClCompile Include="src\Platform\Windows\WindowsWindow.cpp">
      <Filter>Platform\Windows</Filter>
    </ClCompile>
  </ItemGroup>
</Project>