<?xml version="1.0" encoding="utf-8"?>
<Project ToolsVersion="4.0" xmlns="http://schemas.microsoft.com/developer/msbuild/2003">
  <ItemGroup>
    <Filter Include="OloEngine">
      <UniqueIdentifier>{A553BE99-11BE-7210-5AFC-23B6C6A55065}</UniqueIdentifier>
    </Filter>
  </ItemGroup>
  <ItemGroup>
    <ClInclude Include="src\OloEngine.h" />
    <ClInclude Include="src\OloEngine\Application.h">
      <Filter>OloEngine</Filter>
    </ClInclude>
    <ClInclude Include="src\OloEngine\Core.h">
      <Filter>OloEngine</Filter>
    </ClInclude>
    <ClInclude Include="src\OloEngine\EntryPoint.h">
      <Filter>OloEngine</Filter>
    </ClInclude>
    <ClInclude Include="src\OloEngine\Log.h">
      <Filter>OloEngine</Filter>
    </ClInclude>
  </ItemGroup>
  <ItemGroup>
    <ClCompile Include="src\OloEngine\Application.cpp">
      <Filter>OloEngine</Filter>
    </ClCompile>
    <ClCompile Include="src\OloEngine\Log.cpp">
      <Filter>OloEngine</Filter>
    </ClCompile>
  </ItemGroup>
</Project>